// !$*UTF8*$!
{
	archiveVersion = 1;
	classes = {
	};
	objectVersion = 55;
	objects = {

/* Begin PBXBuildFile section */
		A61531CF28BFA26F004CD71A /* README.md in Resources */ = {isa = PBXBuildFile; fileRef = A61531CE28BFA26F004CD71A /* README.md */; };
		A61531D628BFA277004CD71A /* Question.png in Resources */ = {isa = PBXBuildFile; fileRef = A61531D128BFA277004CD71A /* Question.png */; };
		A61531D728BFA277004CD71A /* Home.png in Resources */ = {isa = PBXBuildFile; fileRef = A61531D228BFA277004CD71A /* Home.png */; };
		A61531D928BFA277004CD71A /* Score.png in Resources */ = {isa = PBXBuildFile; fileRef = A61531D428BFA277004CD71A /* Score.png */; };
		A61531DA28BFA277004CD71A /* MainMenu.png in Resources */ = {isa = PBXBuildFile; fileRef = A61531D528BFA277004CD71A /* MainMenu.png */; };
		A6F7EA9E28B296DC00ADCF45 /* QuickMathsApp.swift in Sources */ = {isa = PBXBuildFile; fileRef = A6F7EA9D28B296DC00ADCF45 /* QuickMathsApp.swift */; };
		A6F7EAA028B296DC00ADCF45 /* ContentView.swift in Sources */ = {isa = PBXBuildFile; fileRef = A6F7EA9F28B296DC00ADCF45 /* ContentView.swift */; };
		A6F7EAA228B296DC00ADCF45 /* Assets.xcassets in Resources */ = {isa = PBXBuildFile; fileRef = A6F7EAA128B296DC00ADCF45 /* Assets.xcassets */; };
		A6F7EAA528B296DC00ADCF45 /* Preview Assets.xcassets in Resources */ = {isa = PBXBuildFile; fileRef = A6F7EAA428B296DC00ADCF45 /* Preview Assets.xcassets */; };
		A6F7EAAC28B2972400ADCF45 /* QuestionsView.swift in Sources */ = {isa = PBXBuildFile; fileRef = A6F7EAAB28B2972400ADCF45 /* QuestionsView.swift */; };
/* End PBXBuildFile section */

/* Begin PBXFileReference section */
		A61531CE28BFA26F004CD71A /* README.md */ = {isa = PBXFileReference; fileEncoding = 4; lastKnownFileType = net.daringfireball.markdown; path = README.md; sourceTree = "<group>"; };
		A61531D128BFA277004CD71A /* Question.png */ = {isa = PBXFileReference; lastKnownFileType = image.png; path = Question.png; sourceTree = "<group>"; };
		A61531D228BFA277004CD71A /* Home.png */ = {isa = PBXFileReference; lastKnownFileType = image.png; path = Home.png; sourceTree = "<group>"; };
		A61531D428BFA277004CD71A /* Score.png */ = {isa = PBXFileReference; lastKnownFileType = image.png; path = Score.png; sourceTree = "<group>"; };
		A61531D528BFA277004CD71A /* MainMenu.png */ = {isa = PBXFileReference; lastKnownFileType = image.png; path = MainMenu.png; sourceTree = "<group>"; };
		A6F7EA9A28B296DC00ADCF45 /* QuickMaths.app */ = {isa = PBXFileReference; explicitFileType = wrapper.application; includeInIndex = 0; path = QuickMaths.app; sourceTree = BUILT_PRODUCTS_DIR; };
		A6F7EA9D28B296DC00ADCF45 /* QuickMathsApp.swift */ = {isa = PBXFileReference; lastKnownFileType = sourcecode.swift; path = QuickMathsApp.swift; sourceTree = "<group>"; };
		A6F7EA9F28B296DC00ADCF45 /* ContentView.swift */ = {isa = PBXFileReference; lastKnownFileType = sourcecode.swift; path = ContentView.swift; sourceTree = "<group>"; };
		A6F7EAA128B296DC00ADCF45 /* Assets.xcassets */ = {isa = PBXFileReference; lastKnownFileType = folder.assetcatalog; path = Assets.xcassets; sourceTree = "<group>"; };
		A6F7EAA428B296DC00ADCF45 /* Preview Assets.xcassets */ = {isa = PBXFileReference; lastKnownFileType = folder.assetcatalog; path = "Preview Assets.xcassets"; sourceTree = "<group>"; };
		A6F7EAAB28B2972400ADCF45 /* QuestionsView.swift */ = {isa = PBXFileReference; lastKnownFileType = sourcecode.swift; path = QuestionsView.swift; sourceTree = "<group>"; };
/* End PBXFileReference section */

/* Begin PBXFrameworksBuildPhase section */
		A6F7EA9728B296DC00ADCF45 /* Frameworks */ = {
			isa = PBXFrameworksBuildPhase;
			buildActionMask = 2147483647;
			files = (
			);
			runOnlyForDeploymentPostprocessing = 0;
		};
/* End PBXFrameworksBuildPhase section */

/* Begin PBXGroup section */
		A61531D028BFA277004CD71A /* App Screenshots */ = {
			isa = PBXGroup;
			children = (
				A61531D128BFA277004CD71A /* Question.png */,
				A61531D228BFA277004CD71A /* Home.png */,
				A61531D428BFA277004CD71A /* Score.png */,
				A61531D528BFA277004CD71A /* MainMenu.png */,
			);
			path = "App Screenshots";
			sourceTree = "<group>";
		};
		A6F7EA9128B296DC00ADCF45 = {
			isa = PBXGroup;
			children = (
				A61531CE28BFA26F004CD71A /* README.md */,
				A61531D028BFA277004CD71A /* App Screenshots */,
				A6F7EA9C28B296DC00ADCF45 /* QuickMaths */,
				A6F7EA9B28B296DC00ADCF45 /* Products */,
			);
			sourceTree = "<group>";
		};
		A6F7EA9B28B296DC00ADCF45 /* Products */ = {
			isa = PBXGroup;
			children = (
				A6F7EA9A28B296DC00ADCF45 /* QuickMaths.app */,
			);
			name = Products;
			sourceTree = "<group>";
		};
		A6F7EA9C28B296DC00ADCF45 /* QuickMaths */ = {
			isa = PBXGroup;
			children = (
				A6F7EA9D28B296DC00ADCF45 /* QuickMathsApp.swift */,
				A6F7EA9F28B296DC00ADCF45 /* ContentView.swift */,
				A6F7EAAB28B2972400ADCF45 /* QuestionsView.swift */,
				A6F7EAA128B296DC00ADCF45 /* Assets.xcassets */,
				A6F7EAA328B296DC00ADCF45 /* Preview Content */,
			);
			path = QuickMaths;
			sourceTree = "<group>";
		};
		A6F7EAA328B296DC00ADCF45 /* Preview Content */ = {
			isa = PBXGroup;
			children = (
				A6F7EAA428B296DC00ADCF45 /* Preview Assets.xcassets */,
			);
			path = "Preview Content";
			sourceTree = "<group>";
		};
/* End PBXGroup section */

/* Begin PBXNativeTarget section */
		A6F7EA9928B296DC00ADCF45 /* QuickMaths */ = {
			isa = PBXNativeTarget;
			buildConfigurationList = A6F7EAA828B296DC00ADCF45 /* Build configuration list for PBXNativeTarget "QuickMaths" */;
			buildPhases = (
				A6F7EA9628B296DC00ADCF45 /* Sources */,
				A6F7EA9728B296DC00ADCF45 /* Frameworks */,
				A6F7EA9828B296DC00ADCF45 /* Resources */,
			);
			buildRules = (
			);
			dependencies = (
			);
			name = QuickMaths;
			productName = QuickMaths;
			productReference = A6F7EA9A28B296DC00ADCF45 /* QuickMaths.app */;
			productType = "com.apple.product-type.application";
		};
/* End PBXNativeTarget section */

/* Begin PBXProject section */
		A6F7EA9228B296DC00ADCF45 /* Project object */ = {
			isa = PBXProject;
			attributes = {
				BuildIndependentTargetsInParallel = 1;
				LastSwiftUpdateCheck = 1340;
				LastUpgradeCheck = 1340;
				TargetAttributes = {
					A6F7EA9928B296DC00ADCF45 = {
						CreatedOnToolsVersion = 13.4.1;
					};
				};
			};
			buildConfigurationList = A6F7EA9528B296DC00ADCF45 /* Build configuration list for PBXProject "QuickMaths" */;
			compatibilityVersion = "Xcode 13.0";
			developmentRegion = en;
			hasScannedForEncodings = 0;
			knownRegions = (
				en,
				Base,
			);
			mainGroup = A6F7EA9128B296DC00ADCF45;
			productRefGroup = A6F7EA9B28B296DC00ADCF45 /* Products */;
			projectDirPath = "";
			projectRoot = "";
			targets = (
				A6F7EA9928B296DC00ADCF45 /* QuickMaths */,
			);
		};
/* End PBXProject section */

/* Begin PBXResourcesBuildPhase section */
		A6F7EA9828B296DC00ADCF45 /* Resources */ = {
			isa = PBXResourcesBuildPhase;
			buildActionMask = 2147483647;
			files = (
				A61531CF28BFA26F004CD71A /* README.md in Resources */,
				A61531DA28BFA277004CD71A /* MainMenu.png in Resources */,
				A61531D928BFA277004CD71A /* Score.png in Resources */,
				A6F7EAA528B296DC00ADCF45 /* Preview Assets.xcassets in Resources */,
				A61531D728BFA277004CD71A /* Home.png in Resources */,
				A6F7EAA228B296DC00ADCF45 /* Assets.xcassets in Resources */,
				A61531D628BFA277004CD71A /* Question.png in Resources */,
			);
			runOnlyForDeploymentPostprocessing = 0;
		};
/* End PBXResourcesBuildPhase section */

/* Begin PBXSourcesBuildPhase section */
		A6F7EA9628B296DC00ADCF45 /* Sources */ = {
			isa = PBXSourcesBuildPhase;
			buildActionMask = 2147483647;
			files = (
				A6F7EAA028B296DC00ADCF45 /* ContentView.swift in Sources */,
				A6F7EA9E28B296DC00ADCF45 /* QuickMathsApp.swift in Sources */,
				A6F7EAAC28B2972400ADCF45 /* QuestionsView.swift in Sources */,
			);
			runOnlyForDeploymentPostprocessing = 0;
		};
/* End PBXSourcesBuildPhase section */

/* Begin XCBuildConfiguration section */
		A6F7EAA628B296DC00ADCF45 /* Debug */ = {
			isa = XCBuildConfiguration;
			buildSettings = {
				ALWAYS_SEARCH_USER_PATHS = NO;
				CLANG_ANALYZER_NONNULL = YES;
				CLANG_ANALYZER_NUMBER_OBJECT_CONVERSION = YES_AGGRESSIVE;
				CLANG_CXX_LANGUAGE_STANDARD = "gnu++17";
				CLANG_ENABLE_MODULES = YES;
				CLANG_ENABLE_OBJC_ARC = YES;
				CLANG_ENABLE_OBJC_WEAK = YES;
				CLANG_WARN_BLOCK_CAPTURE_AUTORELEASING = YES;
				CLANG_WARN_BOOL_CONVERSION = YES;
				CLANG_WARN_COMMA = YES;
				CLANG_WARN_CONSTANT_CONVERSION = YES;
				CLANG_WARN_DEPRECATED_OBJC_IMPLEMENTATIONS = YES;
				CLANG_WARN_DIRECT_OBJC_ISA_USAGE = YES_ERROR;
				CLANG_WARN_DOCUMENTATION_COMMENTS = YES;
				CLANG_WARN_EMPTY_BODY = YES;
				CLANG_WARN_ENUM_CONVERSION = YES;
				CLANG_WARN_INFINITE_RECURSION = YES;
				CLANG_WARN_INT_CONVERSION = YES;
				CLANG_WARN_NON_LITERAL_NULL_CONVERSION = YES;
				CLANG_WARN_OBJC_IMPLICIT_RETAIN_SELF = YES;
				CLANG_WARN_OBJC_LITERAL_CONVERSION = YES;
				CLANG_WARN_OBJC_ROOT_CLASS = YES_ERROR;
				CLANG_WARN_QUOTED_INCLUDE_IN_FRAMEWORK_HEADER = YES;
				CLANG_WARN_RANGE_LOOP_ANALYSIS = YES;
				CLANG_WARN_STRICT_PROTOTYPES = YES;
				CLANG_WARN_SUSPICIOUS_MOVE = YES;
				CLANG_WARN_UNGUARDED_AVAILABILITY = YES_AGGRESSIVE;
				CLANG_WARN_UNREACHABLE_CODE = YES;
				CLANG_WARN__DUPLICATE_METHOD_MATCH = YES;
				COPY_PHASE_STRIP = NO;
				DEBUG_INFORMATION_FORMAT = dwarf;
				ENABLE_STRICT_OBJC_MSGSEND = YES;
				ENABLE_TESTABILITY = YES;
				GCC_C_LANGUAGE_STANDARD = gnu11;
				GCC_DYNAMIC_NO_PIC = NO;
				GCC_NO_COMMON_BLOCKS = YES;
				GCC_OPTIMIZATION_LEVEL = 0;
				GCC_PREPROCESSOR_DEFINITIONS = (
					"DEBUG=1",
					"$(inherited)",
				);
				GCC_WARN_64_TO_32_BIT_CONVERSION = YES;
				GCC_WARN_ABOUT_RETURN_TYPE = YES_ERROR;
				GCC_WARN_UNDECLARED_SELECTOR = YES;
				GCC_WARN_UNINITIALIZED_AUTOS = YES_AGGRESSIVE;
				GCC_WARN_UNUSED_FUNCTION = YES;
				GCC_WARN_UNUSED_VARIABLE = YES;
				IPHONEOS_DEPLOYMENT_TARGET = 15.5;
				MTL_ENABLE_DEBUG_INFO = INCLUDE_SOURCE;
				MTL_FAST_MATH = YES;
				ONLY_ACTIVE_ARCH = YES;
				SDKROOT = iphoneos;
				SWIFT_ACTIVE_COMPILATION_CONDITIONS = DEBUG;
				SWIFT_OPTIMIZATION_LEVEL = "-Onone";
			};
			name = Debug;
		};
		A6F7EAA728B296DC00ADCF45 /* Release */ = {
			isa = XCBuildConfiguration;
			buildSettings = {
				ALWAYS_SEARCH_USER_PATHS = NO;
				CLANG_ANALYZER_NONNULL = YES;
				CLANG_ANALYZER_NUMBER_OBJECT_CONVERSION = YES_AGGRESSIVE;
				CLANG_CXX_LANGUAGE_STANDARD = "gnu++17";
				CLANG_ENABLE_MODULES = YES;
				CLANG_ENABLE_OBJC_ARC = YES;
				CLANG_ENABLE_OBJC_WEAK = YES;
				CLANG_WARN_BLOCK_CAPTURE_AUTORELEASING = YES;
				CLANG_WARN_BOOL_CONVERSION = YES;
				CLANG_WARN_COMMA = YES;
				CLANG_WARN_CONSTANT_CONVERSION = YES;
				CLANG_WARN_DEPRECATED_OBJC_IMPLEMENTATIONS = YES;
				CLANG_WARN_DIRECT_OBJC_ISA_USAGE = YES_ERROR;
				CLANG_WARN_DOCUMENTATION_COMMENTS = YES;
				CLANG_WARN_EMPTY_BODY = YES;
				CLANG_WARN_ENUM_CONVERSION = YES;
				CLANG_WARN_INFINITE_RECURSION = YES;
				CLANG_WARN_INT_CONVERSION = YES;
				CLANG_WARN_NON_LITERAL_NULL_CONVERSION = YES;
				CLANG_WARN_OBJC_IMPLICIT_RETAIN_SELF = YES;
				CLANG_WARN_OBJC_LITERAL_CONVERSION = YES;
				CLANG_WARN_OBJC_ROOT_CLASS = YES_ERROR;
				CLANG_WARN_QUOTED_INCLUDE_IN_FRAMEWORK_HEADER = YES;
				CLANG_WARN_RANGE_LOOP_ANALYSIS = YES;
				CLANG_WARN_STRICT_PROTOTYPES = YES;
				CLANG_WARN_SUSPICIOUS_MOVE = YES;
				CLANG_WARN_UNGUARDED_AVAILABILITY = YES_AGGRESSIVE;
				CLANG_WARN_UNREACHABLE_CODE = YES;
				CLANG_WARN__DUPLICATE_METHOD_MATCH = YES;
				COPY_PHASE_STRIP = NO;
				DEBUG_INFORMATION_FORMAT = "dwarf-with-dsym";
				ENABLE_NS_ASSERTIONS = NO;
				ENABLE_STRICT_OBJC_MSGSEND = YES;
				GCC_C_LANGUAGE_STANDARD = gnu11;
				GCC_NO_COMMON_BLOCKS = YES;
				GCC_WARN_64_TO_32_BIT_CONVERSION = YES;
				GCC_WARN_ABOUT_RETURN_TYPE = YES_ERROR;
				GCC_WARN_UNDECLARED_SELECTOR = YES;
				GCC_WARN_UNINITIALIZED_AUTOS = YES_AGGRESSIVE;
				GCC_WARN_UNUSED_FUNCTION = YES;
				GCC_WARN_UNUSED_VARIABLE = YES;
				IPHONEOS_DEPLOYMENT_TARGET = 15.5;
				MTL_ENABLE_DEBUG_INFO = NO;
				MTL_FAST_MATH = YES;
				SDKROOT = iphoneos;
				SWIFT_COMPILATION_MODE = wholemodule;
				SWIFT_OPTIMIZATION_LEVEL = "-O";
				VALIDATE_PRODUCT = YES;
			};
			name = Release;
		};
		A6F7EAA928B296DC00ADCF45 /* Debug */ = {
			isa = XCBuildConfiguration;
			buildSettings = {
				ASSETCATALOG_COMPILER_APPICON_NAME = AppIcon;
				ASSETCATALOG_COMPILER_GLOBAL_ACCENT_COLOR_NAME = AccentColor;
				CODE_SIGN_STYLE = Automatic;
				CURRENT_PROJECT_VERSION = 1;
				DEVELOPMENT_ASSET_PATHS = "\"QuickMaths/Preview Content\"";
				ENABLE_PREVIEWS = YES;
				GENERATE_INFOPLIST_FILE = YES;
				INFOPLIST_KEY_UIApplicationSceneManifest_Generation = YES;
				INFOPLIST_KEY_UIApplicationSupportsIndirectInputEvents = YES;
				INFOPLIST_KEY_UILaunchScreen_Generation = YES;
				INFOPLIST_KEY_UISupportedInterfaceOrientations_iPad = "UIInterfaceOrientationPortrait UIInterfaceOrientationPortraitUpsideDown UIInterfaceOrientationLandscapeLeft UIInterfaceOrientationLandscapeRight";
				INFOPLIST_KEY_UISupportedInterfaceOrientations_iPhone = "UIInterfaceOrientationPortrait UIInterfaceOrientationLandscapeLeft UIInterfaceOrientationLandscapeRight";
				LD_RUNPATH_SEARCH_PATHS = (
					"$(inherited)",
					"@executable_path/Frameworks",
				);
				MARKETING_VERSION = 1.0;
				PRODUCT_BUNDLE_IDENTIFIER = com.thuvaraganp.QuickMaths;
				PRODUCT_NAME = "$(TARGET_NAME)";
				SWIFT_EMIT_LOC_STRINGS = YES;
				SWIFT_VERSION = 5.0;
				TARGETED_DEVICE_FAMILY = "1,2";
			};
			name = Debug;
		};
		A6F7EAAA28B296DC00ADCF45 /* Release */ = {
			isa = XCBuildConfiguration;
			buildSettings = {
				ASSETCATALOG_COMPILER_APPICON_NAME = AppIcon;
				ASSETCATALOG_COMPILER_GLOBAL_ACCENT_COLOR_NAME = AccentColor;
				CODE_SIGN_STYLE = Automatic;
				CURRENT_PROJECT_VERSION = 1;
				DEVELOPMENT_ASSET_PATHS = "\"QuickMaths/Preview Content\"";
				ENABLE_PREVIEWS = YES;
				GENERATE_INFOPLIST_FILE = YES;
				INFOPLIST_KEY_UIApplicationSceneManifest_Generation = YES;
				INFOPLIST_KEY_UIApplicationSupportsIndirectInputEvents = YES;
				INFOPLIST_KEY_UILaunchScreen_Generation = YES;
				INFOPLIST_KEY_UISupportedInterfaceOrientations_iPad = "UIInterfaceOrientationPortrait UIInterfaceOrientationPortraitUpsideDown UIInterfaceOrientationLandscapeLeft UIInterfaceOrientationLandscapeRight";
				INFOPLIST_KEY_UISupportedInterfaceOrientations_iPhone = "UIInterfaceOrientationPortrait UIInterfaceOrientationLandscapeLeft UIInterfaceOrientationLandscapeRight";
				LD_RUNPATH_SEARCH_PATHS = (
					"$(inherited)",
					"@executable_path/Frameworks",
				);
				MARKETING_VERSION = 1.0;
				PRODUCT_BUNDLE_IDENTIFIER = com.thuvaraganp.QuickMaths;
				PRODUCT_NAME = "$(TARGET_NAME)";
				SWIFT_EMIT_LOC_STRINGS = YES;
				SWIFT_VERSION = 5.0;
				TARGETED_DEVICE_FAMILY = "1,2";
			};
			name = Release;
		};
/* End XCBuildConfiguration section */

/* Begin XCConfigurationList section */
		A6F7EA9528B296DC00ADCF45 /* Build configuration list for PBXProject "QuickMaths" */ = {
			isa = XCConfigurationList;
			buildConfigurations = (
				A6F7EAA628B296DC00ADCF45 /* Debug */,
				A6F7EAA728B296DC00ADCF45 /* Release */,
			);
			defaultConfigurationIsVisible = 0;
			defaultConfigurationName = Release;
		};
		A6F7EAA828B296DC00ADCF45 /* Build configuration list for PBXNativeTarget "QuickMaths" */ = {
			isa = XCConfigurationList;
			buildConfigurations = (
				A6F7EAA928B296DC00ADCF45 /* Debug */,
				A6F7EAAA28B296DC00ADCF45 /* Release */,
			);
			defaultConfigurationIsVisible = 0;
			defaultConfigurationName = Release;
		};
/* End XCConfigurationList section */
	};
	rootObject = A6F7EA9228B296DC00ADCF45 /* Project object */;
}
